// !$*UTF8*$!
{
	archiveVersion = 1;
	classes = {
	};
	objectVersion = 52;
	objects = {

/* Begin PBXBuildFile section */
		59472986B650F4B2B92BA213 /* Pods_White_Mountain_Four_Thousand_Footers.framework in Frameworks */ = {isa = PBXBuildFile; fileRef = 593548B41E9CD2CBA4861D64 /* Pods_White_Mountain_Four_Thousand_Footers.framework */; };
		F20EA06F25574EAE0048F982 /* SignInLandingView.swift in Sources */ = {isa = PBXBuildFile; fileRef = F20EA06E25574EAE0048F982 /* SignInLandingView.swift */; };
		F2125FA02569840D00764467 /* SignInInfo.swift in Sources */ = {isa = PBXBuildFile; fileRef = F2125F9F2569840D00764467 /* SignInInfo.swift */; };
		F2163E2F257313D4008923E4 /* MountainBag.swift in Sources */ = {isa = PBXBuildFile; fileRef = F2163E2E257313D4008923E4 /* MountainBag.swift */; };
		F2163E3325731A54008923E4 /* RequestInterceptor.swift in Sources */ = {isa = PBXBuildFile; fileRef = F2163E3225731A54008923E4 /* RequestInterceptor.swift */; };
		F21E4843257D3BE1007A321D /* NotificationName.swift in Sources */ = {isa = PBXBuildFile; fileRef = F21E4842257D3BE1007A321D /* NotificationName.swift */; };
		F23CAF5825AB751F00D6E3B9 /* SettingsCell.swift in Sources */ = {isa = PBXBuildFile; fileRef = F23CAF5725AB751F00D6E3B9 /* SettingsCell.swift */; };
		F23CAF5C25AB755800D6E3B9 /* LogoutCell.swift in Sources */ = {isa = PBXBuildFile; fileRef = F23CAF5B25AB755800D6E3B9 /* LogoutCell.swift */; };
		F2534215256B152B00F78E79 /* APIError.swift in Sources */ = {isa = PBXBuildFile; fileRef = F2534214256B152B00F78E79 /* APIError.swift */; };
		F26881792554EF0C009F6E9B /* MountainPeaksView.swift in Sources */ = {isa = PBXBuildFile; fileRef = F26881782554EF0C009F6E9B /* MountainPeaksView.swift */; };
		F27391CE25CF297F00BE5C92 /* ForgotPasswordScreen.swift in Sources */ = {isa = PBXBuildFile; fileRef = F27391CD25CF297F00BE5C92 /* ForgotPasswordScreen.swift */; };
		F27391D325CF9DF900BE5C92 /* PasswordReset.swift in Sources */ = {isa = PBXBuildFile; fileRef = F27391D225CF9DF900BE5C92 /* PasswordReset.swift */; };
		F2770CE02569D1B200B2943E /* UserToken.swift in Sources */ = {isa = PBXBuildFile; fileRef = F2770CDF2569D1B200B2943E /* UserToken.swift */; };
		F2770CE42569D37900B2943E /* AppSession.swift in Sources */ = {isa = PBXBuildFile; fileRef = F2770CE32569D37900B2943E /* AppSession.swift */; };
		F2770CF02569D4C600B2943E /* KeyChain.swift in Sources */ = {isa = PBXBuildFile; fileRef = F2770CEF2569D4C600B2943E /* KeyChain.swift */; };
		F279981E254BA53C003AD7EB /* WhiteMountainApp.swift in Sources */ = {isa = PBXBuildFile; fileRef = F279981D254BA53C003AD7EB /* WhiteMountainApp.swift */; };
		F2799820254BA53C003AD7EB /* HomeView.swift in Sources */ = {isa = PBXBuildFile; fileRef = F279981F254BA53C003AD7EB /* HomeView.swift */; };
		F2799822254BA53E003AD7EB /* Assets.xcassets in Resources */ = {isa = PBXBuildFile; fileRef = F2799821254BA53E003AD7EB /* Assets.xcassets */; };
		F2799825254BA53E003AD7EB /* Preview Assets.xcassets in Resources */ = {isa = PBXBuildFile; fileRef = F2799824254BA53E003AD7EB /* Preview Assets.xcassets */; };
		F27F7BBA25D0468D00ED1D90 /* ChangePassword.swift in Sources */ = {isa = PBXBuildFile; fileRef = F27F7BB925D0468D00ED1D90 /* ChangePassword.swift */; };
		F27F7BBE25D0482B00ED1D90 /* ChangePasswordModel.swift in Sources */ = {isa = PBXBuildFile; fileRef = F27F7BBD25D0482B00ED1D90 /* ChangePasswordModel.swift */; };
		F2ABCB4E2564C5920073EE2E /* NavigationBackButton.swift in Sources */ = {isa = PBXBuildFile; fileRef = F2ABCB4D2564C5920073EE2E /* NavigationBackButton.swift */; };
		F2ABCC9A25661DEC0073EE2E /* SignInView.swift in Sources */ = {isa = PBXBuildFile; fileRef = F2ABCC9925661DEC0073EE2E /* SignInView.swift */; };
		F2ABCC9D25661EEC0073EE2E /* WelcomeHeader.swift in Sources */ = {isa = PBXBuildFile; fileRef = F2ABCC9C25661EEC0073EE2E /* WelcomeHeader.swift */; };
		F2ACF8E7258EACE500493569 /* PeakMap.swift in Sources */ = {isa = PBXBuildFile; fileRef = F2ACF8E6258EACE500493569 /* PeakMap.swift */; };
		F2B4A07425AA1BA4002319B7 /* SettingsView.swift in Sources */ = {isa = PBXBuildFile; fileRef = F2B4A07325AA1BA4002319B7 /* SettingsView.swift */; };
		F2B4A07825AA1DA6002319B7 /* AppConstants.swift in Sources */ = {isa = PBXBuildFile; fileRef = F2B4A07725AA1DA6002319B7 /* AppConstants.swift */; };
		F2B4A07C25AA224C002319B7 /* ProgressView.swift in Sources */ = {isa = PBXBuildFile; fileRef = F2B4A07B25AA224C002319B7 /* ProgressView.swift */; };
		F2C4EEAC259D130F003ECE0A /* MountainDataSource.swift in Sources */ = {isa = PBXBuildFile; fileRef = F2C4EEAB259D130F003ECE0A /* MountainDataSource.swift */; };
		F2CA291E25EC3C010033E945 /* ActivityIndicator.swift in Sources */ = {isa = PBXBuildFile; fileRef = F2CA291D25EC3C010033E945 /* ActivityIndicator.swift */; };
		F2CA292225EC3E0C0033E945 /* iActivityIndicator in Frameworks */ = {isa = PBXBuildFile; productRef = F2CA292125EC3E0C0033E945 /* iActivityIndicator */; };
		F2CDCDF52555F166000269EE /* MountainPeakCell.swift in Sources */ = {isa = PBXBuildFile; fileRef = F2CDCDF42555F166000269EE /* MountainPeakCell.swift */; };
		F2CDCDF92555F56F000269EE /* MountainPeak+Fixture.swift in Sources */ = {isa = PBXBuildFile; fileRef = F2CDCDF82555F56F000269EE /* MountainPeak+Fixture.swift */; };
		F2CDCDFC25560250000269EE /* Font.swift in Sources */ = {isa = PBXBuildFile; fileRef = F2CDCDFB25560250000269EE /* Font.swift */; };
		F2CDCE00255602CC000269EE /* Color.swift in Sources */ = {isa = PBXBuildFile; fileRef = F2CDCDFF255602CC000269EE /* Color.swift */; };
		F2D1A2EE25A3E0B40027162F /* WebInfoView.swift in Sources */ = {isa = PBXBuildFile; fileRef = F2D1A2ED25A3E0B40027162F /* WebInfoView.swift */; };
		F2D23AC825618C2F0074A7C3 /* RegisterInfo.swift in Sources */ = {isa = PBXBuildFile; fileRef = F2D23AC725618C2F0074A7C3 /* RegisterInfo.swift */; };
		F2D23ACB25618D990074A7C3 /* String.swift in Sources */ = {isa = PBXBuildFile; fileRef = F2D23ACA25618D990074A7C3 /* String.swift */; };
		F2D23ACF25619E410074A7C3 /* PlaceholderTextField.swift in Sources */ = {isa = PBXBuildFile; fileRef = F2D23ACE25619E410074A7C3 /* PlaceholderTextField.swift */; };
		F2D23AD7256222820074A7C3 /* ViewRouter.swift in Sources */ = {isa = PBXBuildFile; fileRef = F2D23AD6256222820074A7C3 /* ViewRouter.swift */; };
		F2EE0669255CD0F800C304FC /* RegisterView.swift in Sources */ = {isa = PBXBuildFile; fileRef = F2EE0668255CD0F800C304FC /* RegisterView.swift */; };
		F2F44BA7254F95E9002847B1 /* MountainPeak.swift in Sources */ = {isa = PBXBuildFile; fileRef = F2F44BA6254F95E9002847B1 /* MountainPeak.swift */; };
		F2F44BAC254F9A22002847B1 /* APIClient.swift in Sources */ = {isa = PBXBuildFile; fileRef = F2F44BAB254F9A22002847B1 /* APIClient.swift */; };
		F2F44BAF254F9AD8002847B1 /* APIRequest.swift in Sources */ = {isa = PBXBuildFile; fileRef = F2F44BAE254F9AD8002847B1 /* APIRequest.swift */; };
		F2F44BB2254F9C7A002847B1 /* APIRequestFactory.swift in Sources */ = {isa = PBXBuildFile; fileRef = F2F44BB1254F9C7A002847B1 /* APIRequestFactory.swift */; };
		F2FD9FA225D0938200252E23 /* Global.swift in Sources */ = {isa = PBXBuildFile; fileRef = F2FD9FA125D0938200252E23 /* Global.swift */; };
		FB43D06D26016C2F00B17551 /* StatefulPreviewWrapper.swift in Sources */ = {isa = PBXBuildFile; fileRef = F2D23AD225619F630074A7C3 /* StatefulPreviewWrapper.swift */; };
		FB510BBE270533060047355D /* PersistanceCordinator.swift in Sources */ = {isa = PBXBuildFile; fileRef = FB510BBD270533060047355D /* PersistanceCordinator.swift */; };
		FB97F4F42700EAF100BC1FEE /* GoogleService-Info.plist in Resources */ = {isa = PBXBuildFile; fileRef = FB97F4F32700EAF100BC1FEE /* GoogleService-Info.plist */; };
		FBA92E212704D26000751FAC /* DataModel.xcdatamodeld in Sources */ = {isa = PBXBuildFile; fileRef = FBA92E1F2704D26000751FAC /* DataModel.xcdatamodeld */; };
		FBA92E242704FAFD00751FAC /* DatabaseFetcher.swift in Sources */ = {isa = PBXBuildFile; fileRef = FBA92E232704FAFD00751FAC /* DatabaseFetcher.swift */; };
		FBE42A2D26B0D7B1003243CC /* AppDelegate.swift in Sources */ = {isa = PBXBuildFile; fileRef = FBE42A2C26B0D7B1003243CC /* AppDelegate.swift */; };
/* End PBXBuildFile section */

/* Begin PBXFileReference section */
		593548B41E9CD2CBA4861D64 /* Pods_White_Mountain_Four_Thousand_Footers.framework */ = {isa = PBXFileReference; explicitFileType = wrapper.framework; includeInIndex = 0; path = Pods_White_Mountain_Four_Thousand_Footers.framework; sourceTree = BUILT_PRODUCTS_DIR; };
		970DD44DBF43FF3B62B0F504 /* Pods-White Mountain Four Thousand Footers.debug.xcconfig */ = {isa = PBXFileReference; includeInIndex = 1; lastKnownFileType = text.xcconfig; name = "Pods-White Mountain Four Thousand Footers.debug.xcconfig"; path = "Target Support Files/Pods-White Mountain Four Thousand Footers/Pods-White Mountain Four Thousand Footers.debug.xcconfig"; sourceTree = "<group>"; };
		A4899F5D90EC690CFADF0620 /* Pods-White Mountain Four Thousand Footers.release.xcconfig */ = {isa = PBXFileReference; includeInIndex = 1; lastKnownFileType = text.xcconfig; name = "Pods-White Mountain Four Thousand Footers.release.xcconfig"; path = "Target Support Files/Pods-White Mountain Four Thousand Footers/Pods-White Mountain Four Thousand Footers.release.xcconfig"; sourceTree = "<group>"; };
		F20EA06E25574EAE0048F982 /* SignInLandingView.swift */ = {isa = PBXFileReference; lastKnownFileType = sourcecode.swift; path = SignInLandingView.swift; sourceTree = "<group>"; };
		F2125F9F2569840D00764467 /* SignInInfo.swift */ = {isa = PBXFileReference; lastKnownFileType = sourcecode.swift; path = SignInInfo.swift; sourceTree = "<group>"; };
		F2163E2E257313D4008923E4 /* MountainBag.swift */ = {isa = PBXFileReference; lastKnownFileType = sourcecode.swift; path = MountainBag.swift; sourceTree = "<group>"; };
		F2163E3225731A54008923E4 /* RequestInterceptor.swift */ = {isa = PBXFileReference; lastKnownFileType = sourcecode.swift; path = RequestInterceptor.swift; sourceTree = "<group>"; };
		F21E4842257D3BE1007A321D /* NotificationName.swift */ = {isa = PBXFileReference; lastKnownFileType = sourcecode.swift; path = NotificationName.swift; sourceTree = "<group>"; };
		F23CAF5725AB751F00D6E3B9 /* SettingsCell.swift */ = {isa = PBXFileReference; lastKnownFileType = sourcecode.swift; path = SettingsCell.swift; sourceTree = "<group>"; };
		F23CAF5B25AB755800D6E3B9 /* LogoutCell.swift */ = {isa = PBXFileReference; lastKnownFileType = sourcecode.swift; path = LogoutCell.swift; sourceTree = "<group>"; };
		F2534214256B152B00F78E79 /* APIError.swift */ = {isa = PBXFileReference; lastKnownFileType = sourcecode.swift; path = APIError.swift; sourceTree = "<group>"; };
		F26881782554EF0C009F6E9B /* MountainPeaksView.swift */ = {isa = PBXFileReference; lastKnownFileType = sourcecode.swift; path = MountainPeaksView.swift; sourceTree = "<group>"; };
		F27391CD25CF297F00BE5C92 /* ForgotPasswordScreen.swift */ = {isa = PBXFileReference; lastKnownFileType = sourcecode.swift; path = ForgotPasswordScreen.swift; sourceTree = "<group>"; };
		F27391D225CF9DF900BE5C92 /* PasswordReset.swift */ = {isa = PBXFileReference; lastKnownFileType = sourcecode.swift; path = PasswordReset.swift; sourceTree = "<group>"; };
		F2770CDF2569D1B200B2943E /* UserToken.swift */ = {isa = PBXFileReference; lastKnownFileType = sourcecode.swift; path = UserToken.swift; sourceTree = "<group>"; };
		F2770CE32569D37900B2943E /* AppSession.swift */ = {isa = PBXFileReference; lastKnownFileType = sourcecode.swift; path = AppSession.swift; sourceTree = "<group>"; };
		F2770CEF2569D4C600B2943E /* KeyChain.swift */ = {isa = PBXFileReference; lastKnownFileType = sourcecode.swift; path = KeyChain.swift; sourceTree = "<group>"; };
		F279981A254BA53C003AD7EB /* White Mountain Four Thousand Footers.app */ = {isa = PBXFileReference; explicitFileType = wrapper.application; includeInIndex = 0; path = "White Mountain Four Thousand Footers.app"; sourceTree = BUILT_PRODUCTS_DIR; };
		F279981D254BA53C003AD7EB /* WhiteMountainApp.swift */ = {isa = PBXFileReference; lastKnownFileType = sourcecode.swift; path = WhiteMountainApp.swift; sourceTree = "<group>"; };
		F279981F254BA53C003AD7EB /* HomeView.swift */ = {isa = PBXFileReference; lastKnownFileType = sourcecode.swift; path = HomeView.swift; sourceTree = "<group>"; };
		F2799821254BA53E003AD7EB /* Assets.xcassets */ = {isa = PBXFileReference; lastKnownFileType = folder.assetcatalog; path = Assets.xcassets; sourceTree = "<group>"; };
		F2799824254BA53E003AD7EB /* Preview Assets.xcassets */ = {isa = PBXFileReference; lastKnownFileType = folder.assetcatalog; path = "Preview Assets.xcassets"; sourceTree = "<group>"; };
		F2799826254BA53E003AD7EB /* Info.plist */ = {isa = PBXFileReference; lastKnownFileType = text.plist.xml; path = Info.plist; sourceTree = "<group>"; };
		F27F7BB925D0468D00ED1D90 /* ChangePassword.swift */ = {isa = PBXFileReference; lastKnownFileType = sourcecode.swift; path = ChangePassword.swift; sourceTree = "<group>"; };
		F27F7BBD25D0482B00ED1D90 /* ChangePasswordModel.swift */ = {isa = PBXFileReference; lastKnownFileType = sourcecode.swift; path = ChangePasswordModel.swift; sourceTree = "<group>"; };
		F2ABCB4D2564C5920073EE2E /* NavigationBackButton.swift */ = {isa = PBXFileReference; lastKnownFileType = sourcecode.swift; path = NavigationBackButton.swift; sourceTree = "<group>"; };
		F2ABCC9925661DEC0073EE2E /* SignInView.swift */ = {isa = PBXFileReference; lastKnownFileType = sourcecode.swift; path = SignInView.swift; sourceTree = "<group>"; };
		F2ABCC9C25661EEC0073EE2E /* WelcomeHeader.swift */ = {isa = PBXFileReference; lastKnownFileType = sourcecode.swift; path = WelcomeHeader.swift; sourceTree = "<group>"; };
		F2ACF8E6258EACE500493569 /* PeakMap.swift */ = {isa = PBXFileReference; lastKnownFileType = sourcecode.swift; path = PeakMap.swift; sourceTree = "<group>"; };
		F2B4A07325AA1BA4002319B7 /* SettingsView.swift */ = {isa = PBXFileReference; lastKnownFileType = sourcecode.swift; path = SettingsView.swift; sourceTree = "<group>"; };
		F2B4A07725AA1DA6002319B7 /* AppConstants.swift */ = {isa = PBXFileReference; lastKnownFileType = sourcecode.swift; path = AppConstants.swift; sourceTree = "<group>"; };
		F2B4A07B25AA224C002319B7 /* ProgressView.swift */ = {isa = PBXFileReference; lastKnownFileType = sourcecode.swift; path = ProgressView.swift; sourceTree = "<group>"; };
		F2C4EEAB259D130F003ECE0A /* MountainDataSource.swift */ = {isa = PBXFileReference; lastKnownFileType = sourcecode.swift; path = MountainDataSource.swift; sourceTree = "<group>"; };
		F2CA291D25EC3C010033E945 /* ActivityIndicator.swift */ = {isa = PBXFileReference; lastKnownFileType = sourcecode.swift; path = ActivityIndicator.swift; sourceTree = "<group>"; };
		F2CDCDF42555F166000269EE /* MountainPeakCell.swift */ = {isa = PBXFileReference; lastKnownFileType = sourcecode.swift; path = MountainPeakCell.swift; sourceTree = "<group>"; };
		F2CDCDF82555F56F000269EE /* MountainPeak+Fixture.swift */ = {isa = PBXFileReference; lastKnownFileType = sourcecode.swift; path = "MountainPeak+Fixture.swift"; sourceTree = "<group>"; };
		F2CDCDFB25560250000269EE /* Font.swift */ = {isa = PBXFileReference; lastKnownFileType = sourcecode.swift; path = Font.swift; sourceTree = "<group>"; };
		F2CDCDFF255602CC000269EE /* Color.swift */ = {isa = PBXFileReference; lastKnownFileType = sourcecode.swift; path = Color.swift; sourceTree = "<group>"; };
		F2D1A2ED25A3E0B40027162F /* WebInfoView.swift */ = {isa = PBXFileReference; lastKnownFileType = sourcecode.swift; path = WebInfoView.swift; sourceTree = "<group>"; };
		F2D23AC725618C2F0074A7C3 /* RegisterInfo.swift */ = {isa = PBXFileReference; lastKnownFileType = sourcecode.swift; path = RegisterInfo.swift; sourceTree = "<group>"; };
		F2D23ACA25618D990074A7C3 /* String.swift */ = {isa = PBXFileReference; lastKnownFileType = sourcecode.swift; path = String.swift; sourceTree = "<group>"; };
		F2D23ACE25619E410074A7C3 /* PlaceholderTextField.swift */ = {isa = PBXFileReference; lastKnownFileType = sourcecode.swift; path = PlaceholderTextField.swift; sourceTree = "<group>"; };
		F2D23AD225619F630074A7C3 /* StatefulPreviewWrapper.swift */ = {isa = PBXFileReference; lastKnownFileType = sourcecode.swift; path = StatefulPreviewWrapper.swift; sourceTree = "<group>"; };
		F2D23AD6256222820074A7C3 /* ViewRouter.swift */ = {isa = PBXFileReference; lastKnownFileType = sourcecode.swift; path = ViewRouter.swift; sourceTree = "<group>"; };
		F2EE0668255CD0F800C304FC /* RegisterView.swift */ = {isa = PBXFileReference; lastKnownFileType = sourcecode.swift; path = RegisterView.swift; sourceTree = "<group>"; };
		F2F44BA6254F95E9002847B1 /* MountainPeak.swift */ = {isa = PBXFileReference; lastKnownFileType = sourcecode.swift; path = MountainPeak.swift; sourceTree = "<group>"; };
		F2F44BAB254F9A22002847B1 /* APIClient.swift */ = {isa = PBXFileReference; lastKnownFileType = sourcecode.swift; path = APIClient.swift; sourceTree = "<group>"; };
		F2F44BAE254F9AD8002847B1 /* APIRequest.swift */ = {isa = PBXFileReference; lastKnownFileType = sourcecode.swift; path = APIRequest.swift; sourceTree = "<group>"; };
		F2F44BB1254F9C7A002847B1 /* APIRequestFactory.swift */ = {isa = PBXFileReference; lastKnownFileType = sourcecode.swift; path = APIRequestFactory.swift; sourceTree = "<group>"; };
		F2FD9FA125D0938200252E23 /* Global.swift */ = {isa = PBXFileReference; lastKnownFileType = sourcecode.swift; path = Global.swift; sourceTree = "<group>"; };
		FB510BBD270533060047355D /* PersistanceCordinator.swift */ = {isa = PBXFileReference; lastKnownFileType = sourcecode.swift; path = PersistanceCordinator.swift; sourceTree = "<group>"; };
		FB97F4F32700EAF100BC1FEE /* GoogleService-Info.plist */ = {isa = PBXFileReference; fileEncoding = 4; lastKnownFileType = text.plist.xml; path = "GoogleService-Info.plist"; sourceTree = "<group>"; };
		FBA92E202704D26000751FAC /* Database.xcdatamodel */ = {isa = PBXFileReference; lastKnownFileType = wrapper.xcdatamodel; path = Database.xcdatamodel; sourceTree = "<group>"; };
		FBA92E232704FAFD00751FAC /* DatabaseFetcher.swift */ = {isa = PBXFileReference; lastKnownFileType = sourcecode.swift; path = DatabaseFetcher.swift; sourceTree = "<group>"; };
		FBE42A2C26B0D7B1003243CC /* AppDelegate.swift */ = {isa = PBXFileReference; lastKnownFileType = sourcecode.swift; path = AppDelegate.swift; sourceTree = "<group>"; };
/* End PBXFileReference section */

/* Begin PBXFrameworksBuildPhase section */
		F2799817254BA53C003AD7EB /* Frameworks */ = {
			isa = PBXFrameworksBuildPhase;
			buildActionMask = 2147483647;
			files = (
				59472986B650F4B2B92BA213 /* Pods_White_Mountain_Four_Thousand_Footers.framework in Frameworks */,
				F2CA292225EC3E0C0033E945 /* iActivityIndicator in Frameworks */,
			);
			runOnlyForDeploymentPostprocessing = 0;
		};
/* End PBXFrameworksBuildPhase section */

/* Begin PBXGroup section */
		86E82F859AE31B230A4E11EE /* Frameworks */ = {
			isa = PBXGroup;
			children = (
				593548B41E9CD2CBA4861D64 /* Pods_White_Mountain_Four_Thousand_Footers.framework */,
			);
			name = Frameworks;
			sourceTree = "<group>";
		};
		B161302FD99F50FBF3E0CE03 /* Pods */ = {
			isa = PBXGroup;
			children = (
				970DD44DBF43FF3B62B0F504 /* Pods-White Mountain Four Thousand Footers.debug.xcconfig */,
				A4899F5D90EC690CFADF0620 /* Pods-White Mountain Four Thousand Footers.release.xcconfig */,
			);
			path = Pods;
			sourceTree = "<group>";
		};
		F20EA06D25574E8E0048F982 /* Login Flow */ = {
			isa = PBXGroup;
			children = (
				F2EE0668255CD0F800C304FC /* RegisterView.swift */,
				F20EA06E25574EAE0048F982 /* SignInLandingView.swift */,
				F2ABCC9925661DEC0073EE2E /* SignInView.swift */,
				F2ABCC9C25661EEC0073EE2E /* WelcomeHeader.swift */,
			);
			path = "Login Flow";
			sourceTree = "<group>";
		};
		F23CAF5625AB74FA00D6E3B9 /* Cells */ = {
			isa = PBXGroup;
			children = (
				F23CAF5725AB751F00D6E3B9 /* SettingsCell.swift */,
				F23CAF5B25AB755800D6E3B9 /* LogoutCell.swift */,
			);
			path = Cells;
			sourceTree = "<group>";
		};
		F25CF5E52572A70200DED153 /* Mountain List */ = {
			isa = PBXGroup;
			children = (
				F26881782554EF0C009F6E9B /* MountainPeaksView.swift */,
				F2CDCDF42555F166000269EE /* MountainPeakCell.swift */,
			);
			path = "Mountain List";
			sourceTree = "<group>";
		};
		F268817F2554EF64009F6E9B /* Models */ = {
			isa = PBXGroup;
			children = (
				F27391D125CF9DD000BE5C92 /* Payload Models */,
				F2534214256B152B00F78E79 /* APIError.swift */,
				F2163E2E257313D4008923E4 /* MountainBag.swift */,
				F2F44BA6254F95E9002847B1 /* MountainPeak.swift */,
				F2D23AC725618C2F0074A7C3 /* RegisterInfo.swift */,
				F2125F9F2569840D00764467 /* SignInInfo.swift */,
				F2770CDF2569D1B200B2943E /* UserToken.swift */,
			);
			path = Models;
			sourceTree = "<group>";
		};
		F27391CC25CF280200BE5C92 /* Password Reset */ = {
			isa = PBXGroup;
			children = (
				F27F7BB925D0468D00ED1D90 /* ChangePassword.swift */,
				F27391CD25CF297F00BE5C92 /* ForgotPasswordScreen.swift */,
			);
			path = "Password Reset";
			sourceTree = "<group>";
		};
		F27391D125CF9DD000BE5C92 /* Payload Models */ = {
			isa = PBXGroup;
			children = (
				F27F7BBD25D0482B00ED1D90 /* ChangePasswordModel.swift */,
				F27391D225CF9DF900BE5C92 /* PasswordReset.swift */,
			);
			path = "Payload Models";
			sourceTree = "<group>";
		};
		F2770CE22569D32900B2943E /* Singletons */ = {
			isa = PBXGroup;
			children = (
				F2770CE32569D37900B2943E /* AppSession.swift */,
				F2770CEF2569D4C600B2943E /* KeyChain.swift */,
			);
			path = Singletons;
			sourceTree = "<group>";
		};
		F2799811254BA53B003AD7EB = {
			isa = PBXGroup;
			children = (
				F279981C254BA53C003AD7EB /* White Mountain Four Thousand Footers */,
				F279981B254BA53C003AD7EB /* Products */,
				B161302FD99F50FBF3E0CE03 /* Pods */,
				86E82F859AE31B230A4E11EE /* Frameworks */,
			);
			indentWidth = 4;
			sourceTree = "<group>";
			tabWidth = 4;
		};
		F279981B254BA53C003AD7EB /* Products */ = {
			isa = PBXGroup;
			children = (
				F279981A254BA53C003AD7EB /* White Mountain Four Thousand Footers.app */,
			);
			name = Products;
			sourceTree = "<group>";
		};
		F279981C254BA53C003AD7EB /* White Mountain Four Thousand Footers */ = {
			isa = PBXGroup;
			children = (
				FBA92E1E2704D23F00751FAC /* Database */,
				F279982E254BA6B6003AD7EB /* Source */,
				F279982F254BA6BE003AD7EB /* Resources */,
			);
			path = "White Mountain Four Thousand Footers";
			sourceTree = "<group>";
		};
		F2799823254BA53E003AD7EB /* Preview Content */ = {
			isa = PBXGroup;
			children = (
				F2799824254BA53E003AD7EB /* Preview Assets.xcassets */,
				F2D23AD225619F630074A7C3 /* StatefulPreviewWrapper.swift */,
			);
			path = "Preview Content";
			sourceTree = "<group>";
		};
		F279982E254BA6B6003AD7EB /* Source */ = {
			isa = PBXGroup;
			children = (
				F2F44BAA254F9A14002847B1 /* API */,
				F2B4A07625AA1D92002319B7 /* Constants */,
				F2C4EEAA259D12F2003ECE0A /* DataSource */,
				F2CDCDFE25560259000269EE /* Extensions */,
				F2CDCDF72555F54E000269EE /* Fixtures */,
				F268817F2554EF64009F6E9B /* Models */,
				F2799823254BA53E003AD7EB /* Preview Content */,
				F2770CE22569D32900B2943E /* Singletons */,
				F2F44BB4254FA317002847B1 /* Views */,
				F279981D254BA53C003AD7EB /* WhiteMountainApp.swift */,
				FBE42A2C26B0D7B1003243CC /* AppDelegate.swift */,
			);
			path = Source;
			sourceTree = "<group>";
		};
		F279982F254BA6BE003AD7EB /* Resources */ = {
			isa = PBXGroup;
			children = (
				FB97F4F32700EAF100BC1FEE /* GoogleService-Info.plist */,
				F2799821254BA53E003AD7EB /* Assets.xcassets */,
				F2799826254BA53E003AD7EB /* Info.plist */,
			);
			path = Resources;
			sourceTree = "<group>";
		};
		F2ACF8E5258EACC800493569 /* Map */ = {
			isa = PBXGroup;
			children = (
				F2ACF8E6258EACE500493569 /* PeakMap.swift */,
			);
			path = Map;
			sourceTree = "<group>";
		};
		F2B4A06E25AA1B66002319B7 /* Progress and Settings */ = {
			isa = PBXGroup;
			children = (
				F23CAF5625AB74FA00D6E3B9 /* Cells */,
				F2B4A07B25AA224C002319B7 /* ProgressView.swift */,
				F2B4A07325AA1BA4002319B7 /* SettingsView.swift */,
			);
			path = "Progress and Settings";
			sourceTree = "<group>";
		};
		F2B4A07625AA1D92002319B7 /* Constants */ = {
			isa = PBXGroup;
			children = (
				F2B4A07725AA1DA6002319B7 /* AppConstants.swift */,
			);
			path = Constants;
			sourceTree = "<group>";
		};
		F2C4EEAA259D12F2003ECE0A /* DataSource */ = {
			isa = PBXGroup;
			children = (
				F2C4EEAB259D130F003ECE0A /* MountainDataSource.swift */,
			);
			path = DataSource;
			sourceTree = "<group>";
		};
		F2CDCDF72555F54E000269EE /* Fixtures */ = {
			isa = PBXGroup;
			children = (
				F2CDCDF82555F56F000269EE /* MountainPeak+Fixture.swift */,
			);
			path = Fixtures;
			sourceTree = "<group>";
		};
		F2CDCDFE25560259000269EE /* Extensions */ = {
			isa = PBXGroup;
			children = (
				F2CDCDFB25560250000269EE /* Font.swift */,
				F2CDCDFF255602CC000269EE /* Color.swift */,
				F2D23ACA25618D990074A7C3 /* String.swift */,
				F21E4842257D3BE1007A321D /* NotificationName.swift */,
				F2FD9FA125D0938200252E23 /* Global.swift */,
			);
			path = Extensions;
			sourceTree = "<group>";
		};
		F2D23ACD25619E160074A7C3 /* Reusable Views */ = {
			isa = PBXGroup;
			children = (
				F2ABCB4D2564C5920073EE2E /* NavigationBackButton.swift */,
				F2D23ACE25619E410074A7C3 /* PlaceholderTextField.swift */,
				F2D1A2ED25A3E0B40027162F /* WebInfoView.swift */,
				F2CA291D25EC3C010033E945 /* ActivityIndicator.swift */,
			);
			path = "Reusable Views";
			sourceTree = "<group>";
		};
		F2F44BAA254F9A14002847B1 /* API */ = {
			isa = PBXGroup;
			children = (
				FBA92E222704FAE400751FAC /* Database  */,
				F2F44BAB254F9A22002847B1 /* APIClient.swift */,
				F2F44BAE254F9AD8002847B1 /* APIRequest.swift */,
				F2F44BB1254F9C7A002847B1 /* APIRequestFactory.swift */,
				F2163E3225731A54008923E4 /* RequestInterceptor.swift */,
			);
			path = API;
			sourceTree = "<group>";
		};
		F2F44BB4254FA317002847B1 /* Views */ = {
			isa = PBXGroup;
			children = (
				F20EA06D25574E8E0048F982 /* Login Flow */,
				F2ACF8E5258EACC800493569 /* Map */,
				F25CF5E52572A70200DED153 /* Mountain List */,
				F27391CC25CF280200BE5C92 /* Password Reset */,
				F2B4A06E25AA1B66002319B7 /* Progress and Settings */,
				F2D23ACD25619E160074A7C3 /* Reusable Views */,
				F279981F254BA53C003AD7EB /* HomeView.swift */,
				F2D23AD6256222820074A7C3 /* ViewRouter.swift */,
			);
			path = Views;
			sourceTree = "<group>";
		};
		FBA92E1E2704D23F00751FAC /* Database */ = {
			isa = PBXGroup;
			children = (
				FBA92E1F2704D26000751FAC /* DataModel.xcdatamodeld */,
			);
			path = Database;
			sourceTree = "<group>";
		};
		FBA92E222704FAE400751FAC /* Database  */ = {
			isa = PBXGroup;
			children = (
				FBA92E232704FAFD00751FAC /* DatabaseFetcher.swift */,
				FB510BBD270533060047355D /* PersistanceCordinator.swift */,
			);
			path = "Database ";
			sourceTree = "<group>";
		};
/* End PBXGroup section */

/* Begin PBXNativeTarget section */
		F2799819254BA53C003AD7EB /* White Mountain Four Thousand Footers */ = {
			isa = PBXNativeTarget;
			buildConfigurationList = F2799829254BA53E003AD7EB /* Build configuration list for PBXNativeTarget "White Mountain Four Thousand Footers" */;
			buildPhases = (
				14AF5CE2C316C9ABC2AE86AC /* [CP] Check Pods Manifest.lock */,
				F2799816254BA53C003AD7EB /* Sources */,
				F2799817254BA53C003AD7EB /* Frameworks */,
				F2799818254BA53C003AD7EB /* Resources */,
				669B1D0C605E7BE20F08DAD7 /* [CP] Embed Pods Frameworks */,
			);
			buildRules = (
			);
			dependencies = (
			);
			name = "White Mountain Four Thousand Footers";
			packageProductDependencies = (
				F2CA292125EC3E0C0033E945 /* iActivityIndicator */,
			);
			productName = "White Mountain Four Thousand Footers";
			productReference = F279981A254BA53C003AD7EB /* White Mountain Four Thousand Footers.app */;
			productType = "com.apple.product-type.application";
		};
/* End PBXNativeTarget section */

/* Begin PBXProject section */
		F2799812254BA53C003AD7EB /* Project object */ = {
			isa = PBXProject;
			attributes = {
				LastSwiftUpdateCheck = 1200;
				LastUpgradeCheck = 1200;
				TargetAttributes = {
					F2799819254BA53C003AD7EB = {
						CreatedOnToolsVersion = 12.0.1;
					};
				};
			};
			buildConfigurationList = F2799815254BA53C003AD7EB /* Build configuration list for PBXProject "White Mountain Four Thousand Footers" */;
			compatibilityVersion = "Xcode 9.3";
			developmentRegion = en;
			hasScannedForEncodings = 0;
			knownRegions = (
				en,
				Base,
			);
			mainGroup = F2799811254BA53B003AD7EB;
			packageReferences = (
				F2CA292025EC3E0C0033E945 /* XCRemoteSwiftPackageReference "iActivityIndicator" */,
			);
			productRefGroup = F279981B254BA53C003AD7EB /* Products */;
			projectDirPath = "";
			projectRoot = "";
			targets = (
				F2799819254BA53C003AD7EB /* White Mountain Four Thousand Footers */,
			);
		};
/* End PBXProject section */

/* Begin PBXResourcesBuildPhase section */
		F2799818254BA53C003AD7EB /* Resources */ = {
			isa = PBXResourcesBuildPhase;
			buildActionMask = 2147483647;
			files = (
				F2799825254BA53E003AD7EB /* Preview Assets.xcassets in Resources */,
				F2799822254BA53E003AD7EB /* Assets.xcassets in Resources */,
				FB97F4F42700EAF100BC1FEE /* GoogleService-Info.plist in Resources */,
			);
			runOnlyForDeploymentPostprocessing = 0;
		};
/* End PBXResourcesBuildPhase section */

/* Begin PBXShellScriptBuildPhase section */
		14AF5CE2C316C9ABC2AE86AC /* [CP] Check Pods Manifest.lock */ = {
			isa = PBXShellScriptBuildPhase;
			buildActionMask = 2147483647;
			files = (
			);
			inputFileListPaths = (
			);
			inputPaths = (
				"${PODS_PODFILE_DIR_PATH}/Podfile.lock",
				"${PODS_ROOT}/Manifest.lock",
			);
			name = "[CP] Check Pods Manifest.lock";
			outputFileListPaths = (
			);
			outputPaths = (
				"$(DERIVED_FILE_DIR)/Pods-White Mountain Four Thousand Footers-checkManifestLockResult.txt",
			);
			runOnlyForDeploymentPostprocessing = 0;
			shellPath = /bin/sh;
			shellScript = "diff \"${PODS_PODFILE_DIR_PATH}/Podfile.lock\" \"${PODS_ROOT}/Manifest.lock\" > /dev/null\nif [ $? != 0 ] ; then\n    # print error to STDERR\n    echo \"error: The sandbox is not in sync with the Podfile.lock. Run 'pod install' or update your CocoaPods installation.\" >&2\n    exit 1\nfi\n# This output is used by Xcode 'outputs' to avoid re-running this script phase.\necho \"SUCCESS\" > \"${SCRIPT_OUTPUT_FILE_0}\"\n";
			showEnvVarsInLog = 0;
		};
		669B1D0C605E7BE20F08DAD7 /* [CP] Embed Pods Frameworks */ = {
			isa = PBXShellScriptBuildPhase;
			buildActionMask = 2147483647;
			files = (
			);
			inputFileListPaths = (
				"${PODS_ROOT}/Target Support Files/Pods-White Mountain Four Thousand Footers/Pods-White Mountain Four Thousand Footers-frameworks-${CONFIGURATION}-input-files.xcfilelist",
			);
			name = "[CP] Embed Pods Frameworks";
			outputFileListPaths = (
				"${PODS_ROOT}/Target Support Files/Pods-White Mountain Four Thousand Footers/Pods-White Mountain Four Thousand Footers-frameworks-${CONFIGURATION}-output-files.xcfilelist",
			);
			runOnlyForDeploymentPostprocessing = 0;
			shellPath = /bin/sh;
			shellScript = "\"${PODS_ROOT}/Target Support Files/Pods-White Mountain Four Thousand Footers/Pods-White Mountain Four Thousand Footers-frameworks.sh\"\n";
			showEnvVarsInLog = 0;
		};
/* End PBXShellScriptBuildPhase section */

/* Begin PBXSourcesBuildPhase section */
		F2799816254BA53C003AD7EB /* Sources */ = {
			isa = PBXSourcesBuildPhase;
			buildActionMask = 2147483647;
			files = (
				FBE42A2D26B0D7B1003243CC /* AppDelegate.swift in Sources */,
				F2C4EEAC259D130F003ECE0A /* MountainDataSource.swift in Sources */,
				F2B4A07825AA1DA6002319B7 /* AppConstants.swift in Sources */,
				F27391D325CF9DF900BE5C92 /* PasswordReset.swift in Sources */,
				F23CAF5825AB751F00D6E3B9 /* SettingsCell.swift in Sources */,
				F2770CE42569D37900B2943E /* AppSession.swift in Sources */,
				F26881792554EF0C009F6E9B /* MountainPeaksView.swift in Sources */,
				F2D23ACF25619E410074A7C3 /* PlaceholderTextField.swift in Sources */,
				F2ACF8E7258EACE500493569 /* PeakMap.swift in Sources */,
				F2799820254BA53C003AD7EB /* HomeView.swift in Sources */,
				F2EE0669255CD0F800C304FC /* RegisterView.swift in Sources */,
				F2CDCE00255602CC000269EE /* Color.swift in Sources */,
				F2ABCC9D25661EEC0073EE2E /* WelcomeHeader.swift in Sources */,
				F2770CF02569D4C600B2943E /* KeyChain.swift in Sources */,
				F2CDCDFC25560250000269EE /* Font.swift in Sources */,
				F2125FA02569840D00764467 /* SignInInfo.swift in Sources */,
				F2CDCDF92555F56F000269EE /* MountainPeak+Fixture.swift in Sources */,
				F279981E254BA53C003AD7EB /* WhiteMountainApp.swift in Sources */,
				F2163E2F257313D4008923E4 /* MountainBag.swift in Sources */,
				F2D23AD7256222820074A7C3 /* ViewRouter.swift in Sources */,
				F2CA291E25EC3C010033E945 /* ActivityIndicator.swift in Sources */,
				F27F7BBE25D0482B00ED1D90 /* ChangePasswordModel.swift in Sources */,
				F2D1A2EE25A3E0B40027162F /* WebInfoView.swift in Sources */,
				F2163E3325731A54008923E4 /* RequestInterceptor.swift in Sources */,
				F20EA06F25574EAE0048F982 /* SignInLandingView.swift in Sources */,
				FB510BBE270533060047355D /* PersistanceCordinator.swift in Sources */,
				F2F44BA7254F95E9002847B1 /* MountainPeak.swift in Sources */,
				FB43D06D26016C2F00B17551 /* StatefulPreviewWrapper.swift in Sources */,
				F23CAF5C25AB755800D6E3B9 /* LogoutCell.swift in Sources */,
				FBA92E242704FAFD00751FAC /* DatabaseFetcher.swift in Sources */,
				F2FD9FA225D0938200252E23 /* Global.swift in Sources */,
				F2B4A07425AA1BA4002319B7 /* SettingsView.swift in Sources */,
				F27391CE25CF297F00BE5C92 /* ForgotPasswordScreen.swift in Sources */,
				FBA92E212704D26000751FAC /* DataModel.xcdatamodeld in Sources */,
				F2F44BB2254F9C7A002847B1 /* APIRequestFactory.swift in Sources */,
				F2CDCDF52555F166000269EE /* MountainPeakCell.swift in Sources */,
				F2770CE02569D1B200B2943E /* UserToken.swift in Sources */,
				F21E4843257D3BE1007A321D /* NotificationName.swift in Sources */,
				F2ABCC9A25661DEC0073EE2E /* SignInView.swift in Sources */,
				F27F7BBA25D0468D00ED1D90 /* ChangePassword.swift in Sources */,
				F2F44BAF254F9AD8002847B1 /* APIRequest.swift in Sources */,
				F2D23ACB25618D990074A7C3 /* String.swift in Sources */,
				F2ABCB4E2564C5920073EE2E /* NavigationBackButton.swift in Sources */,
				F2D23AC825618C2F0074A7C3 /* RegisterInfo.swift in Sources */,
				F2B4A07C25AA224C002319B7 /* ProgressView.swift in Sources */,
				F2F44BAC254F9A22002847B1 /* APIClient.swift in Sources */,
				F2534215256B152B00F78E79 /* APIError.swift in Sources */,
			);
			runOnlyForDeploymentPostprocessing = 0;
		};
/* End PBXSourcesBuildPhase section */

/* Begin XCBuildConfiguration section */
		F2799827254BA53E003AD7EB /* Debug */ = {
			isa = XCBuildConfiguration;
			buildSettings = {
				ALWAYS_SEARCH_USER_PATHS = NO;
				CLANG_ANALYZER_NONNULL = YES;
				CLANG_ANALYZER_NUMBER_OBJECT_CONVERSION = YES_AGGRESSIVE;
				CLANG_CXX_LANGUAGE_STANDARD = "gnu++14";
				CLANG_CXX_LIBRARY = "libc++";
				CLANG_ENABLE_MODULES = YES;
				CLANG_ENABLE_OBJC_ARC = YES;
				CLANG_ENABLE_OBJC_WEAK = YES;
				CLANG_WARN_BLOCK_CAPTURE_AUTORELEASING = YES;
				CLANG_WARN_BOOL_CONVERSION = YES;
				CLANG_WARN_COMMA = YES;
				CLANG_WARN_CONSTANT_CONVERSION = YES;
				CLANG_WARN_DEPRECATED_OBJC_IMPLEMENTATIONS = YES;
				CLANG_WARN_DIRECT_OBJC_ISA_USAGE = YES_ERROR;
				CLANG_WARN_DOCUMENTATION_COMMENTS = YES;
				CLANG_WARN_EMPTY_BODY = YES;
				CLANG_WARN_ENUM_CONVERSION = YES;
				CLANG_WARN_INFINITE_RECURSION = YES;
				CLANG_WARN_INT_CONVERSION = YES;
				CLANG_WARN_NON_LITERAL_NULL_CONVERSION = YES;
				CLANG_WARN_OBJC_IMPLICIT_RETAIN_SELF = YES;
				CLANG_WARN_OBJC_LITERAL_CONVERSION = YES;
				CLANG_WARN_OBJC_ROOT_CLASS = YES_ERROR;
				CLANG_WARN_QUOTED_INCLUDE_IN_FRAMEWORK_HEADER = YES;
				CLANG_WARN_RANGE_LOOP_ANALYSIS = YES;
				CLANG_WARN_STRICT_PROTOTYPES = YES;
				CLANG_WARN_SUSPICIOUS_MOVE = YES;
				CLANG_WARN_UNGUARDED_AVAILABILITY = YES_AGGRESSIVE;
				CLANG_WARN_UNREACHABLE_CODE = YES;
				CLANG_WARN__DUPLICATE_METHOD_MATCH = YES;
				COPY_PHASE_STRIP = NO;
				DEBUG_INFORMATION_FORMAT = dwarf;
				ENABLE_STRICT_OBJC_MSGSEND = YES;
				ENABLE_TESTABILITY = YES;
				GCC_C_LANGUAGE_STANDARD = gnu11;
				GCC_DYNAMIC_NO_PIC = NO;
				GCC_NO_COMMON_BLOCKS = YES;
				GCC_OPTIMIZATION_LEVEL = 0;
				GCC_PREPROCESSOR_DEFINITIONS = (
					"DEBUG=1",
					"$(inherited)",
				);
				GCC_WARN_64_TO_32_BIT_CONVERSION = YES;
				GCC_WARN_ABOUT_RETURN_TYPE = YES_ERROR;
				GCC_WARN_UNDECLARED_SELECTOR = YES;
				GCC_WARN_UNINITIALIZED_AUTOS = YES_AGGRESSIVE;
				GCC_WARN_UNUSED_FUNCTION = YES;
				GCC_WARN_UNUSED_VARIABLE = YES;
				IPHONEOS_DEPLOYMENT_TARGET = 14.0;
				MTL_ENABLE_DEBUG_INFO = INCLUDE_SOURCE;
				MTL_FAST_MATH = YES;
				ONLY_ACTIVE_ARCH = YES;
				SDKROOT = iphoneos;
				SWIFT_ACTIVE_COMPILATION_CONDITIONS = DEBUG;
				SWIFT_OPTIMIZATION_LEVEL = "-Onone";
			};
			name = Debug;
		};
		F2799828254BA53E003AD7EB /* Release */ = {
			isa = XCBuildConfiguration;
			buildSettings = {
				ALWAYS_SEARCH_USER_PATHS = NO;
				CLANG_ANALYZER_NONNULL = YES;
				CLANG_ANALYZER_NUMBER_OBJECT_CONVERSION = YES_AGGRESSIVE;
				CLANG_CXX_LANGUAGE_STANDARD = "gnu++14";
				CLANG_CXX_LIBRARY = "libc++";
				CLANG_ENABLE_MODULES = YES;
				CLANG_ENABLE_OBJC_ARC = YES;
				CLANG_ENABLE_OBJC_WEAK = YES;
				CLANG_WARN_BLOCK_CAPTURE_AUTORELEASING = YES;
				CLANG_WARN_BOOL_CONVERSION = YES;
				CLANG_WARN_COMMA = YES;
				CLANG_WARN_CONSTANT_CONVERSION = YES;
				CLANG_WARN_DEPRECATED_OBJC_IMPLEMENTATIONS = YES;
				CLANG_WARN_DIRECT_OBJC_ISA_USAGE = YES_ERROR;
				CLANG_WARN_DOCUMENTATION_COMMENTS = YES;
				CLANG_WARN_EMPTY_BODY = YES;
				CLANG_WARN_ENUM_CONVERSION = YES;
				CLANG_WARN_INFINITE_RECURSION = YES;
				CLANG_WARN_INT_CONVERSION = YES;
				CLANG_WARN_NON_LITERAL_NULL_CONVERSION = YES;
				CLANG_WARN_OBJC_IMPLICIT_RETAIN_SELF = YES;
				CLANG_WARN_OBJC_LITERAL_CONVERSION = YES;
				CLANG_WARN_OBJC_ROOT_CLASS = YES_ERROR;
				CLANG_WARN_QUOTED_INCLUDE_IN_FRAMEWORK_HEADER = YES;
				CLANG_WARN_RANGE_LOOP_ANALYSIS = YES;
				CLANG_WARN_STRICT_PROTOTYPES = YES;
				CLANG_WARN_SUSPICIOUS_MOVE = YES;
				CLANG_WARN_UNGUARDED_AVAILABILITY = YES_AGGRESSIVE;
				CLANG_WARN_UNREACHABLE_CODE = YES;
				CLANG_WARN__DUPLICATE_METHOD_MATCH = YES;
				COPY_PHASE_STRIP = NO;
				DEBUG_INFORMATION_FORMAT = "dwarf-with-dsym";
				ENABLE_NS_ASSERTIONS = NO;
				ENABLE_STRICT_OBJC_MSGSEND = YES;
				GCC_C_LANGUAGE_STANDARD = gnu11;
				GCC_NO_COMMON_BLOCKS = YES;
				GCC_WARN_64_TO_32_BIT_CONVERSION = YES;
				GCC_WARN_ABOUT_RETURN_TYPE = YES_ERROR;
				GCC_WARN_UNDECLARED_SELECTOR = YES;
				GCC_WARN_UNINITIALIZED_AUTOS = YES_AGGRESSIVE;
				GCC_WARN_UNUSED_FUNCTION = YES;
				GCC_WARN_UNUSED_VARIABLE = YES;
				IPHONEOS_DEPLOYMENT_TARGET = 14.0;
				MTL_ENABLE_DEBUG_INFO = NO;
				MTL_FAST_MATH = YES;
				SDKROOT = iphoneos;
				SWIFT_COMPILATION_MODE = wholemodule;
				SWIFT_OPTIMIZATION_LEVEL = "-O";
				VALIDATE_PRODUCT = YES;
			};
			name = Release;
		};
		F279982A254BA53E003AD7EB /* Debug */ = {
			isa = XCBuildConfiguration;
			baseConfigurationReference = 970DD44DBF43FF3B62B0F504 /* Pods-White Mountain Four Thousand Footers.debug.xcconfig */;
			buildSettings = {
				ASSETCATALOG_COMPILER_APPICON_NAME = AppIcon;
				ASSETCATALOG_COMPILER_GLOBAL_ACCENT_COLOR_NAME = AccentColor;
				CODE_SIGN_IDENTITY = "Apple Distribution: Nathan Beaumont (NLJT9N54Y2)";
				CODE_SIGN_STYLE = Manual;
				CURRENT_PROJECT_VERSION = 4;
				DEVELOPMENT_ASSET_PATHS = "\"White Mountain Four Thousand Footers/Source/Preview Content\"";
				DEVELOPMENT_TEAM = NLJT9N54Y2;
				ENABLE_PREVIEWS = YES;
				INFOPLIST_FILE = "White Mountain Four Thousand Footers/Resources/Info.plist";
				IPHONEOS_DEPLOYMENT_TARGET = 14.5;
				LD_RUNPATH_SEARCH_PATHS = (
					"$(inherited)",
					"@executable_path/Frameworks",
				);
				MARKETING_VERSION = 1.4.0;
				PRODUCT_BUNDLE_IDENTIFIER = "com.nathan-beaumont.White-Mountain-Peak-Tracker";
				PRODUCT_NAME = "$(TARGET_NAME)";
				PROVISIONING_PROFILE_SPECIFIER = "match AppStore com.nathan-beaumont.White-Mountain-Peak-Tracker";
				SWIFT_VERSION = 5.0;
				TARGETED_DEVICE_FAMILY = 1;
			};
			name = Debug;
		};
		F279982B254BA53E003AD7EB /* Release */ = {
			isa = XCBuildConfiguration;
			baseConfigurationReference = A4899F5D90EC690CFADF0620 /* Pods-White Mountain Four Thousand Footers.release.xcconfig */;
			buildSettings = {
				ASSETCATALOG_COMPILER_APPICON_NAME = AppIcon;
				ASSETCATALOG_COMPILER_GLOBAL_ACCENT_COLOR_NAME = AccentColor;
				CODE_SIGN_IDENTITY = "Apple Distribution: Nathan Beaumont (NLJT9N54Y2)";
				CODE_SIGN_STYLE = Manual;
				CURRENT_PROJECT_VERSION = 4;
				DEVELOPMENT_ASSET_PATHS = "\"White Mountain Four Thousand Footers/Source/Preview Content\"";
				DEVELOPMENT_TEAM = NLJT9N54Y2;
				ENABLE_PREVIEWS = YES;
				INFOPLIST_FILE = "White Mountain Four Thousand Footers/Resources/Info.plist";
				IPHONEOS_DEPLOYMENT_TARGET = 14.5;
				LD_RUNPATH_SEARCH_PATHS = (
					"$(inherited)",
					"@executable_path/Frameworks",
				);
				MARKETING_VERSION = 1.4.0;
				PRODUCT_BUNDLE_IDENTIFIER = "com.nathan-beaumont.White-Mountain-Peak-Tracker";
				PRODUCT_NAME = "$(TARGET_NAME)";
				PROVISIONING_PROFILE_SPECIFIER = "match AppStore com.nathan-beaumont.White-Mountain-Peak-Tracker";
				SWIFT_VERSION = 5.0;
				TARGETED_DEVICE_FAMILY = 1;
			};
			name = Release;
		};
/* End XCBuildConfiguration section */

/* Begin XCConfigurationList section */
		F2799815254BA53C003AD7EB /* Build configuration list for PBXProject "White Mountain Four Thousand Footers" */ = {
			isa = XCConfigurationList;
			buildConfigurations = (
				F2799827254BA53E003AD7EB /* Debug */,
				F2799828254BA53E003AD7EB /* Release */,
			);
			defaultConfigurationIsVisible = 0;
			defaultConfigurationName = Release;
		};
		F2799829254BA53E003AD7EB /* Build configuration list for PBXNativeTarget "White Mountain Four Thousand Footers" */ = {
			isa = XCConfigurationList;
			buildConfigurations = (
				F279982A254BA53E003AD7EB /* Debug */,
				F279982B254BA53E003AD7EB /* Release */,
			);
			defaultConfigurationIsVisible = 0;
			defaultConfigurationName = Release;
		};
/* End XCConfigurationList section */

/* Begin XCRemoteSwiftPackageReference section */
		F2CA292025EC3E0C0033E945 /* XCRemoteSwiftPackageReference "iActivityIndicator" */ = {
			isa = XCRemoteSwiftPackageReference;
			repositoryURL = "https://github.com/MojtabaHs/iActivityIndicator.git";
			requirement = {
				kind = upToNextMajorVersion;
				minimumVersion = 0.4.1;
			};
		};
/* End XCRemoteSwiftPackageReference section */

/* Begin XCSwiftPackageProductDependency section */
		F2CA292125EC3E0C0033E945 /* iActivityIndicator */ = {
			isa = XCSwiftPackageProductDependency;
			package = F2CA292025EC3E0C0033E945 /* XCRemoteSwiftPackageReference "iActivityIndicator" */;
			productName = iActivityIndicator;
		};
/* End XCSwiftPackageProductDependency section */

/* Begin XCVersionGroup section */
		FBA92E1F2704D26000751FAC /* DataModel.xcdatamodeld */ = {
			isa = XCVersionGroup;
			children = (
				FBA92E202704D26000751FAC /* Database.xcdatamodel */,
			);
			currentVersion = FBA92E202704D26000751FAC /* Database.xcdatamodel */;
			path = DataModel.xcdatamodeld;
			sourceTree = "<group>";
			versionGroupType = wrapper.xcdatamodel;
		};
/* End XCVersionGroup section */
	};
	rootObject = F2799812254BA53C003AD7EB /* Project object */;
}
