// !$*UTF8*$!
{
	archiveVersion = 1;
	classes = {
	};
	objectVersion = 51;
	objects = {

/* Begin PBXBuildFile section */
		59472986B650F4B2B92BA213 /* Pods_White_Mountain_Four_Thousand_Footers.framework in Frameworks */ = {isa = PBXBuildFile; fileRef = 593548B41E9CD2CBA4861D64 /* Pods_White_Mountain_Four_Thousand_Footers.framework */; };
		F279981E254BA53C003AD7EB /* WhiteMountainApp.swift in Sources */ = {isa = PBXBuildFile; fileRef = F279981D254BA53C003AD7EB /* WhiteMountainApp.swift */; };
		F2799820254BA53C003AD7EB /* HomeView.swift in Sources */ = {isa = PBXBuildFile; fileRef = F279981F254BA53C003AD7EB /* HomeView.swift */; };
		F2799822254BA53E003AD7EB /* Assets.xcassets in Resources */ = {isa = PBXBuildFile; fileRef = F2799821254BA53E003AD7EB /* Assets.xcassets */; };
		F2799825254BA53E003AD7EB /* Preview Assets.xcassets in Resources */ = {isa = PBXBuildFile; fileRef = F2799824254BA53E003AD7EB /* Preview Assets.xcassets */; };
/* End PBXBuildFile section */

/* Begin PBXFileReference section */
		593548B41E9CD2CBA4861D64 /* Pods_White_Mountain_Four_Thousand_Footers.framework */ = {isa = PBXFileReference; explicitFileType = wrapper.framework; includeInIndex = 0; path = Pods_White_Mountain_Four_Thousand_Footers.framework; sourceTree = BUILT_PRODUCTS_DIR; };
		970DD44DBF43FF3B62B0F504 /* Pods-White Mountain Four Thousand Footers.debug.xcconfig */ = {isa = PBXFileReference; includeInIndex = 1; lastKnownFileType = text.xcconfig; name = "Pods-White Mountain Four Thousand Footers.debug.xcconfig"; path = "Target Support Files/Pods-White Mountain Four Thousand Footers/Pods-White Mountain Four Thousand Footers.debug.xcconfig"; sourceTree = "<group>"; };
		A4899F5D90EC690CFADF0620 /* Pods-White Mountain Four Thousand Footers.release.xcconfig */ = {isa = PBXFileReference; includeInIndex = 1; lastKnownFileType = text.xcconfig; name = "Pods-White Mountain Four Thousand Footers.release.xcconfig"; path = "Target Support Files/Pods-White Mountain Four Thousand Footers/Pods-White Mountain Four Thousand Footers.release.xcconfig"; sourceTree = "<group>"; };
		F279981A254BA53C003AD7EB /* White Mountain Four Thousand Footers.app */ = {isa = PBXFileReference; explicitFileType = wrapper.application; includeInIndex = 0; path = "White Mountain Four Thousand Footers.app"; sourceTree = BUILT_PRODUCTS_DIR; };
		F279981D254BA53C003AD7EB /* WhiteMountainApp.swift */ = {isa = PBXFileReference; lastKnownFileType = sourcecode.swift; path = WhiteMountainApp.swift; sourceTree = "<group>"; };
		F279981F254BA53C003AD7EB /* HomeView.swift */ = {isa = PBXFileReference; lastKnownFileType = sourcecode.swift; path = HomeView.swift; sourceTree = "<group>"; };
		F2799821254BA53E003AD7EB /* Assets.xcassets */ = {isa = PBXFileReference; lastKnownFileType = folder.assetcatalog; path = Assets.xcassets; sourceTree = "<group>"; };
		F2799824254BA53E003AD7EB /* Preview Assets.xcassets */ = {isa = PBXFileReference; lastKnownFileType = folder.assetcatalog; path = "Preview Assets.xcassets"; sourceTree = "<group>"; };
		F2799826254BA53E003AD7EB /* Info.plist */ = {isa = PBXFileReference; lastKnownFileType = text.plist.xml; path = Info.plist; sourceTree = "<group>"; };
/* End PBXFileReference section */

/* Begin PBXFrameworksBuildPhase section */
		F2799817254BA53C003AD7EB /* Frameworks */ = {
			isa = PBXFrameworksBuildPhase;
			buildActionMask = 2147483647;
			files = (
				59472986B650F4B2B92BA213 /* Pods_White_Mountain_Four_Thousand_Footers.framework in Frameworks */,
			);
			runOnlyForDeploymentPostprocessing = 0;
		};
/* End PBXFrameworksBuildPhase section */

/* Begin PBXGroup section */
		86E82F859AE31B230A4E11EE /* Frameworks */ = {
			isa = PBXGroup;
			children = (
				593548B41E9CD2CBA4861D64 /* Pods_White_Mountain_Four_Thousand_Footers.framework */,
			);
			name = Frameworks;
			sourceTree = "<group>";
		};
		B161302FD99F50FBF3E0CE03 /* Pods */ = {
			isa = PBXGroup;
			children = (
				970DD44DBF43FF3B62B0F504 /* Pods-White Mountain Four Thousand Footers.debug.xcconfig */,
				A4899F5D90EC690CFADF0620 /* Pods-White Mountain Four Thousand Footers.release.xcconfig */,
			);
			path = Pods;
			sourceTree = "<group>";
		};
		F2799811254BA53B003AD7EB = {
			isa = PBXGroup;
			children = (
				F279981C254BA53C003AD7EB /* White Mountain Four Thousand Footers */,
				F279981B254BA53C003AD7EB /* Products */,
				B161302FD99F50FBF3E0CE03 /* Pods */,
				86E82F859AE31B230A4E11EE /* Frameworks */,
			);
			indentWidth = 4;
			sourceTree = "<group>";
			tabWidth = 4;
		};
		F279981B254BA53C003AD7EB /* Products */ = {
			isa = PBXGroup;
			children = (
				F279981A254BA53C003AD7EB /* White Mountain Four Thousand Footers.app */,
			);
			name = Products;
			sourceTree = "<group>";
		};
		F279981C254BA53C003AD7EB /* White Mountain Four Thousand Footers */ = {
			isa = PBXGroup;
			children = (
				F279982E254BA6B6003AD7EB /* Source */,
				F279982F254BA6BE003AD7EB /* Resources */,
			);
			path = "White Mountain Four Thousand Footers";
			sourceTree = "<group>";
		};
		F2799823254BA53E003AD7EB /* Preview Content */ = {
			isa = PBXGroup;
			children = (
				F2799824254BA53E003AD7EB /* Preview Assets.xcassets */,
			);
			path = "Preview Content";
			sourceTree = "<group>";
		};
		F279982E254BA6B6003AD7EB /* Source */ = {
			isa = PBXGroup;
			children = (
				F279981D254BA53C003AD7EB /* WhiteMountainApp.swift */,
				F279981F254BA53C003AD7EB /* HomeView.swift */,
				F2799823254BA53E003AD7EB /* Preview Content */,
			);
			path = Source;
			sourceTree = "<group>";
		};
		F279982F254BA6BE003AD7EB /* Resources */ = {
			isa = PBXGroup;
			children = (
				F2799821254BA53E003AD7EB /* Assets.xcassets */,
				F2799826254BA53E003AD7EB /* Info.plist */,
			);
			path = Resources;
			sourceTree = "<group>";
		};
/* End PBXGroup section */

/* Begin PBXNativeTarget section */
		F2799819254BA53C003AD7EB /* White Mountain Four Thousand Footers */ = {
			isa = PBXNativeTarget;
			buildConfigurationList = F2799829254BA53E003AD7EB /* Build configuration list for PBXNativeTarget "White Mountain Four Thousand Footers" */;
			buildPhases = (
				14AF5CE2C316C9ABC2AE86AC /* [CP] Check Pods Manifest.lock */,
				F2799816254BA53C003AD7EB /* Sources */,
				F2799817254BA53C003AD7EB /* Frameworks */,
				F2799818254BA53C003AD7EB /* Resources */,
				669B1D0C605E7BE20F08DAD7 /* [CP] Embed Pods Frameworks */,
			);
			buildRules = (
			);
			dependencies = (
			);
			name = "White Mountain Four Thousand Footers";
			productName = "White Mountain Four Thousand Footers";
			productReference = F279981A254BA53C003AD7EB /* White Mountain Four Thousand Footers.app */;
			productType = "com.apple.product-type.application";
		};
/* End PBXNativeTarget section */

/* Begin PBXProject section */
		F2799812254BA53C003AD7EB /* Project object */ = {
			isa = PBXProject;
			attributes = {
				LastSwiftUpdateCheck = 1200;
				LastUpgradeCheck = 1200;
				TargetAttributes = {
					F2799819254BA53C003AD7EB = {
						CreatedOnToolsVersion = 12.0.1;
					};
				};
			};
			buildConfigurationList = F2799815254BA53C003AD7EB /* Build configuration list for PBXProject "White Mountain Four Thousand Footers" */;
			compatibilityVersion = "Xcode 9.3";
			developmentRegion = en;
			hasScannedForEncodings = 0;
			knownRegions = (
				en,
				Base,
			);
			mainGroup = F2799811254BA53B003AD7EB;
			productRefGroup = F279981B254BA53C003AD7EB /* Products */;
			projectDirPath = "";
			projectRoot = "";
			targets = (
				F2799819254BA53C003AD7EB /* White Mountain Four Thousand Footers */,
			);
		};
/* End PBXProject section */

/* Begin PBXResourcesBuildPhase section */
		F2799818254BA53C003AD7EB /* Resources */ = {
			isa = PBXResourcesBuildPhase;
			buildActionMask = 2147483647;
			files = (
				F2799825254BA53E003AD7EB /* Preview Assets.xcassets in Resources */,
				F2799822254BA53E003AD7EB /* Assets.xcassets in Resources */,
			);
			runOnlyForDeploymentPostprocessing = 0;
		};
/* End PBXResourcesBuildPhase section */

/* Begin PBXShellScriptBuildPhase section */
		14AF5CE2C316C9ABC2AE86AC /* [CP] Check Pods Manifest.lock */ = {
			isa = PBXShellScriptBuildPhase;
			buildActionMask = 2147483647;
			files = (
			);
			inputFileListPaths = (
			);
			inputPaths = (
				"${PODS_PODFILE_DIR_PATH}/Podfile.lock",
				"${PODS_ROOT}/Manifest.lock",
			);
			name = "[CP] Check Pods Manifest.lock";
			outputFileListPaths = (
			);
			outputPaths = (
				"$(DERIVED_FILE_DIR)/Pods-White Mountain Four Thousand Footers-checkManifestLockResult.txt",
			);
			runOnlyForDeploymentPostprocessing = 0;
			shellPath = /bin/sh;
			shellScript = "diff \"${PODS_PODFILE_DIR_PATH}/Podfile.lock\" \"${PODS_ROOT}/Manifest.lock\" > /dev/null\nif [ $? != 0 ] ; then\n    # print error to STDERR\n    echo \"error: The sandbox is not in sync with the Podfile.lock. Run 'pod install' or update your CocoaPods installation.\" >&2\n    exit 1\nfi\n# This output is used by Xcode 'outputs' to avoid re-running this script phase.\necho \"SUCCESS\" > \"${SCRIPT_OUTPUT_FILE_0}\"\n";
			showEnvVarsInLog = 0;
		};
		669B1D0C605E7BE20F08DAD7 /* [CP] Embed Pods Frameworks */ = {
			isa = PBXShellScriptBuildPhase;
			buildActionMask = 2147483647;
			files = (
			);
			inputFileListPaths = (
				"${PODS_ROOT}/Target Support Files/Pods-White Mountain Four Thousand Footers/Pods-White Mountain Four Thousand Footers-frameworks-${CONFIGURATION}-input-files.xcfilelist",
			);
			name = "[CP] Embed Pods Frameworks";
			outputFileListPaths = (
				"${PODS_ROOT}/Target Support Files/Pods-White Mountain Four Thousand Footers/Pods-White Mountain Four Thousand Footers-frameworks-${CONFIGURATION}-output-files.xcfilelist",
			);
			runOnlyForDeploymentPostprocessing = 0;
			shellPath = /bin/sh;
			shellScript = "\"${PODS_ROOT}/Target Support Files/Pods-White Mountain Four Thousand Footers/Pods-White Mountain Four Thousand Footers-frameworks.sh\"\n";
			showEnvVarsInLog = 0;
		};
/* End PBXShellScriptBuildPhase section */

/* Begin PBXSourcesBuildPhase section */
		F2799816254BA53C003AD7EB /* Sources */ = {
			isa = PBXSourcesBuildPhase;
			buildActionMask = 2147483647;
			files = (
				F2799820254BA53C003AD7EB /* HomeView.swift in Sources */,
				F279981E254BA53C003AD7EB /* WhiteMountainApp.swift in Sources */,
			);
			runOnlyForDeploymentPostprocessing = 0;
		};
/* End PBXSourcesBuildPhase section */

/* Begin XCBuildConfiguration section */
		F2799827254BA53E003AD7EB /* Debug */ = {
			isa = XCBuildConfiguration;
			buildSettings = {
				ALWAYS_SEARCH_USER_PATHS = NO;
				CLANG_ANALYZER_NONNULL = YES;
				CLANG_ANALYZER_NUMBER_OBJECT_CONVERSION = YES_AGGRESSIVE;
				CLANG_CXX_LANGUAGE_STANDARD = "gnu++14";
				CLANG_CXX_LIBRARY = "libc++";
				CLANG_ENABLE_MODULES = YES;
				CLANG_ENABLE_OBJC_ARC = YES;
				CLANG_ENABLE_OBJC_WEAK = YES;
				CLANG_WARN_BLOCK_CAPTURE_AUTORELEASING = YES;
				CLANG_WARN_BOOL_CONVERSION = YES;
				CLANG_WARN_COMMA = YES;
				CLANG_WARN_CONSTANT_CONVERSION = YES;
				CLANG_WARN_DEPRECATED_OBJC_IMPLEMENTATIONS = YES;
				CLANG_WARN_DIRECT_OBJC_ISA_USAGE = YES_ERROR;
				CLANG_WARN_DOCUMENTATION_COMMENTS = YES;
				CLANG_WARN_EMPTY_BODY = YES;
				CLANG_WARN_ENUM_CONVERSION = YES;
				CLANG_WARN_INFINITE_RECURSION = YES;
				CLANG_WARN_INT_CONVERSION = YES;
				CLANG_WARN_NON_LITERAL_NULL_CONVERSION = YES;
				CLANG_WARN_OBJC_IMPLICIT_RETAIN_SELF = YES;
				CLANG_WARN_OBJC_LITERAL_CONVERSION = YES;
				CLANG_WARN_OBJC_ROOT_CLASS = YES_ERROR;
				CLANG_WARN_QUOTED_INCLUDE_IN_FRAMEWORK_HEADER = YES;
				CLANG_WARN_RANGE_LOOP_ANALYSIS = YES;
				CLANG_WARN_STRICT_PROTOTYPES = YES;
				CLANG_WARN_SUSPICIOUS_MOVE = YES;
				CLANG_WARN_UNGUARDED_AVAILABILITY = YES_AGGRESSIVE;
				CLANG_WARN_UNREACHABLE_CODE = YES;
				CLANG_WARN__DUPLICATE_METHOD_MATCH = YES;
				COPY_PHASE_STRIP = NO;
				DEBUG_INFORMATION_FORMAT = dwarf;
				ENABLE_STRICT_OBJC_MSGSEND = YES;
				ENABLE_TESTABILITY = YES;
				GCC_C_LANGUAGE_STANDARD = gnu11;
				GCC_DYNAMIC_NO_PIC = NO;
				GCC_NO_COMMON_BLOCKS = YES;
				GCC_OPTIMIZATION_LEVEL = 0;
				GCC_PREPROCESSOR_DEFINITIONS = (
					"DEBUG=1",
					"$(inherited)",
				);
				GCC_WARN_64_TO_32_BIT_CONVERSION = YES;
				GCC_WARN_ABOUT_RETURN_TYPE = YES_ERROR;
				GCC_WARN_UNDECLARED_SELECTOR = YES;
				GCC_WARN_UNINITIALIZED_AUTOS = YES_AGGRESSIVE;
				GCC_WARN_UNUSED_FUNCTION = YES;
				GCC_WARN_UNUSED_VARIABLE = YES;
				IPHONEOS_DEPLOYMENT_TARGET = 14.0;
				MTL_ENABLE_DEBUG_INFO = INCLUDE_SOURCE;
				MTL_FAST_MATH = YES;
				ONLY_ACTIVE_ARCH = YES;
				SDKROOT = iphoneos;
				SWIFT_ACTIVE_COMPILATION_CONDITIONS = DEBUG;
				SWIFT_OPTIMIZATION_LEVEL = "-Onone";
			};
			name = Debug;
		};
		F2799828254BA53E003AD7EB /* Release */ = {
			isa = XCBuildConfiguration;
			buildSettings = {
				ALWAYS_SEARCH_USER_PATHS = NO;
				CLANG_ANALYZER_NONNULL = YES;
				CLANG_ANALYZER_NUMBER_OBJECT_CONVERSION = YES_AGGRESSIVE;
				CLANG_CXX_LANGUAGE_STANDARD = "gnu++14";
				CLANG_CXX_LIBRARY = "libc++";
				CLANG_ENABLE_MODULES = YES;
				CLANG_ENABLE_OBJC_ARC = YES;
				CLANG_ENABLE_OBJC_WEAK = YES;
				CLANG_WARN_BLOCK_CAPTURE_AUTORELEASING = YES;
				CLANG_WARN_BOOL_CONVERSION = YES;
				CLANG_WARN_COMMA = YES;
				CLANG_WARN_CONSTANT_CONVERSION = YES;
				CLANG_WARN_DEPRECATED_OBJC_IMPLEMENTATIONS = YES;
				CLANG_WARN_DIRECT_OBJC_ISA_USAGE = YES_ERROR;
				CLANG_WARN_DOCUMENTATION_COMMENTS = YES;
				CLANG_WARN_EMPTY_BODY = YES;
				CLANG_WARN_ENUM_CONVERSION = YES;
				CLANG_WARN_INFINITE_RECURSION = YES;
				CLANG_WARN_INT_CONVERSION = YES;
				CLANG_WARN_NON_LITERAL_NULL_CONVERSION = YES;
				CLANG_WARN_OBJC_IMPLICIT_RETAIN_SELF = YES;
				CLANG_WARN_OBJC_LITERAL_CONVERSION = YES;
				CLANG_WARN_OBJC_ROOT_CLASS = YES_ERROR;
				CLANG_WARN_QUOTED_INCLUDE_IN_FRAMEWORK_HEADER = YES;
				CLANG_WARN_RANGE_LOOP_ANALYSIS = YES;
				CLANG_WARN_STRICT_PROTOTYPES = YES;
				CLANG_WARN_SUSPICIOUS_MOVE = YES;
				CLANG_WARN_UNGUARDED_AVAILABILITY = YES_AGGRESSIVE;
				CLANG_WARN_UNREACHABLE_CODE = YES;
				CLANG_WARN__DUPLICATE_METHOD_MATCH = YES;
				COPY_PHASE_STRIP = NO;
				DEBUG_INFORMATION_FORMAT = "dwarf-with-dsym";
				ENABLE_NS_ASSERTIONS = NO;
				ENABLE_STRICT_OBJC_MSGSEND = YES;
				GCC_C_LANGUAGE_STANDARD = gnu11;
				GCC_NO_COMMON_BLOCKS = YES;
				GCC_WARN_64_TO_32_BIT_CONVERSION = YES;
				GCC_WARN_ABOUT_RETURN_TYPE = YES_ERROR;
				GCC_WARN_UNDECLARED_SELECTOR = YES;
				GCC_WARN_UNINITIALIZED_AUTOS = YES_AGGRESSIVE;
				GCC_WARN_UNUSED_FUNCTION = YES;
				GCC_WARN_UNUSED_VARIABLE = YES;
				IPHONEOS_DEPLOYMENT_TARGET = 14.0;
				MTL_ENABLE_DEBUG_INFO = NO;
				MTL_FAST_MATH = YES;
				SDKROOT = iphoneos;
				SWIFT_COMPILATION_MODE = wholemodule;
				SWIFT_OPTIMIZATION_LEVEL = "-O";
				VALIDATE_PRODUCT = YES;
			};
			name = Release;
		};
		F279982A254BA53E003AD7EB /* Debug */ = {
			isa = XCBuildConfiguration;
			baseConfigurationReference = 970DD44DBF43FF3B62B0F504 /* Pods-White Mountain Four Thousand Footers.debug.xcconfig */;
			buildSettings = {
				ASSETCATALOG_COMPILER_APPICON_NAME = AppIcon;
				ASSETCATALOG_COMPILER_GLOBAL_ACCENT_COLOR_NAME = AccentColor;
				CODE_SIGN_STYLE = Automatic;
				DEVELOPMENT_ASSET_PATHS = "\"White Mountain Four Thousand Footers/Source/Preview Content\"";
				DEVELOPMENT_TEAM = K4MUGL7ULP;
				ENABLE_PREVIEWS = YES;
				INFOPLIST_FILE = "White Mountain Four Thousand Footers/Resources/Info.plist";
				IPHONEOS_DEPLOYMENT_TARGET = 14.0;
				LD_RUNPATH_SEARCH_PATHS = (
					"$(inherited)",
					"@executable_path/Frameworks",
				);
				PRODUCT_BUNDLE_IDENTIFIER = "com.nathan-beaumont.White-Mountain-Four-Thousand-Footers";
				PRODUCT_NAME = "$(TARGET_NAME)";
				SWIFT_VERSION = 5.0;
				TARGETED_DEVICE_FAMILY = "1,2";
			};
			name = Debug;
		};
		F279982B254BA53E003AD7EB /* Release */ = {
			isa = XCBuildConfiguration;
			baseConfigurationReference = A4899F5D90EC690CFADF0620 /* Pods-White Mountain Four Thousand Footers.release.xcconfig */;
			buildSettings = {
				ASSETCATALOG_COMPILER_APPICON_NAME = AppIcon;
				ASSETCATALOG_COMPILER_GLOBAL_ACCENT_COLOR_NAME = AccentColor;
				CODE_SIGN_STYLE = Automatic;
				DEVELOPMENT_ASSET_PATHS = "\"White Mountain Four Thousand Footers/Source/Preview Content\"";
				DEVELOPMENT_TEAM = K4MUGL7ULP;
				ENABLE_PREVIEWS = YES;
				INFOPLIST_FILE = "White Mountain Four Thousand Footers/Resources/Info.plist";
				IPHONEOS_DEPLOYMENT_TARGET = 14.0;
				LD_RUNPATH_SEARCH_PATHS = (
					"$(inherited)",
					"@executable_path/Frameworks",
				);
				PRODUCT_BUNDLE_IDENTIFIER = "com.nathan-beaumont.White-Mountain-Four-Thousand-Footers";
				PRODUCT_NAME = "$(TARGET_NAME)";
				SWIFT_VERSION = 5.0;
				TARGETED_DEVICE_FAMILY = "1,2";
			};
			name = Release;
		};
/* End XCBuildConfiguration section */

/* Begin XCConfigurationList section */
		F2799815254BA53C003AD7EB /* Build configuration list for PBXProject "White Mountain Four Thousand Footers" */ = {
			isa = XCConfigurationList;
			buildConfigurations = (
				F2799827254BA53E003AD7EB /* Debug */,
				F2799828254BA53E003AD7EB /* Release */,
			);
			defaultConfigurationIsVisible = 0;
			defaultConfigurationName = Release;
		};
		F2799829254BA53E003AD7EB /* Build configuration list for PBXNativeTarget "White Mountain Four Thousand Footers" */ = {
			isa = XCConfigurationList;
			buildConfigurations = (
				F279982A254BA53E003AD7EB /* Debug */,
				F279982B254BA53E003AD7EB /* Release */,
			);
			defaultConfigurationIsVisible = 0;
			defaultConfigurationName = Release;
		};
/* End XCConfigurationList section */
	};
	rootObject = F2799812254BA53C003AD7EB /* Project object */;
}
