{
  "object": {
    "pins": [
      {
        "package": "iActivityIndicator",
        "repositoryURL": "https://github.com/MojtabaHs/iActivityIndicator.git",
        "state": {
          "branch": null,
          "revision": "051ba2db67f019af4b0600c01ba2ca991092daae",
          "version": "0.4.1"
        }
      }
    ]
  },
  "version": 1
}
